
Microsoft Visual Studio Solution File, Format Version 11.00
# Visual Studio 2010
Project("{FAE04EC0-301F-11D3-BF4B-00C04F79EFBC}") = "RankInAll.Core", "RankInAlll.Core\RankInAll.Core.csproj", "{69D07E76-6720-4159-BA71-9A62B02A7CA4}"
EndProject
Project("{FAE04EC0-301F-11D3-BF4B-00C04F79EFBC}") = "TestRank", "TestPojRank\TestRank.csproj", "{0B8FE208-16FC-4B57-A1E8-F2D54C310B21}"
EndProject
Project("{FAE04EC0-301F-11D3-BF4B-00C04F79EFBC}") = "RankInAll.Utility", "RankInAll.Utility\RankInAll.Utility.csproj", "{12799C16-4EEA-41F7-89B0-C62BF6852410}"
EndProject
Global
	GlobalSection(SolutionConfigurationPlatforms) = preSolution
		Debug|Any CPU = Debug|Any CPU
		Release|Any CPU = Release|Any CPU
	EndGlobalSection
	GlobalSection(ProjectConfigurationPlatforms) = postSolution
		{69D07E76-6720-4159-BA71-9A62B02A7CA4}.Debug|Any CPU.ActiveCfg = Debug|Any CPU
		{69D07E76-6720-4159-BA71-9A62B02A7CA4}.Debug|Any CPU.Build.0 = Debug|Any CPU
		{69D07E76-6720-4159-BA71-9A62B02A7CA4}.Release|Any CPU.ActiveCfg = Release|Any CPU
		{69D07E76-6720-4159-BA71-9A62B02A7CA4}.Release|Any CPU.Build.0 = Release|Any CPU
		{0B8FE208-16FC-4B57-A1E8-F2D54C310B21}.Debug|Any CPU.ActiveCfg = Debug|Any CPU
		{0B8FE208-16FC-4B57-A1E8-F2D54C310B21}.Debug|Any CPU.Build.0 = Debug|Any CPU
		{0B8FE208-16FC-4B57-A1E8-F2D54C310B21}.Release|Any CPU.ActiveCfg = Release|Any CPU
		{0B8FE208-16FC-4B57-A1E8-F2D54C310B21}.Release|Any CPU.Build.0 = Release|Any CPU
		{12799C16-4EEA-41F7-89B0-C62BF6852410}.Debug|Any CPU.ActiveCfg = Debug|Any CPU
		{12799C16-4EEA-41F7-89B0-C62BF6852410}.Debug|Any CPU.Build.0 = Debug|Any CPU
		{12799C16-4EEA-41F7-89B0-C62BF6852410}.Release|Any CPU.ActiveCfg = Release|Any CPU
		{12799C16-4EEA-41F7-89B0-C62BF6852410}.Release|Any CPU.Build.0 = Release|Any CPU
	EndGlobalSection
	GlobalSection(SolutionProperties) = preSolution
		HideSolutionNode = FALSE
	EndGlobalSection
EndGlobal
