
Microsoft Visual Studio Solution File, Format Version 11.00
# Visual Studio 2010
Project("{FAE04EC0-301F-11D3-BF4B-00C04F79EFBC}") = "RankInAll.Utility", "RankInAll.Utility\RankInAll.Utility.csproj", "{12799C16-4EEA-41F7-89B0-C62BF6852410}"
EndProject
Project("{FAE04EC0-301F-11D3-BF4B-00C04F79EFBC}") = "TestConsole", "文档等\TestConsole\TestConsole.csproj", "{D42945A3-D9DE-4D17-B63A-3B9DF09A537F}"
EndProject
Project("{FAE04EC0-301F-11D3-BF4B-00C04F79EFBC}") = "RankInAll.Core", "RankInAll.Core\RankInAll.Core.csproj", "{69D07E76-6720-4159-BA71-9A62B02A7CA4}"
EndProject
Project("{FAE04EC0-301F-11D3-BF4B-00C04F79EFBC}") = "Test", "Test\Test.csproj", "{0B8FE208-16FC-4B57-A1E8-F2D54C310B21}"
EndProject
Project("{FAE04EC0-301F-11D3-BF4B-00C04F79EFBC}") = "RankInAll.Service", "RankInAll.Service\RankInAll.Service.csproj", "{4D013687-F096-41B2-8537-1F0585444C0A}"
EndProject
Global
	GlobalSection(SolutionConfigurationPlatforms) = preSolution
		Debug|Any CPU = Debug|Any CPU
		Debug|Mixed Platforms = Debug|Mixed Platforms
		Debug|x86 = Debug|x86
		Release|Any CPU = Release|Any CPU
		Release|Mixed Platforms = Release|Mixed Platforms
		Release|x86 = Release|x86
	EndGlobalSection
	GlobalSection(ProjectConfigurationPlatforms) = postSolution
		{12799C16-4EEA-41F7-89B0-C62BF6852410}.Debug|Any CPU.ActiveCfg = Debug|Any CPU
		{12799C16-4EEA-41F7-89B0-C62BF6852410}.Debug|Any CPU.Build.0 = Debug|Any CPU
		{12799C16-4EEA-41F7-89B0-C62BF6852410}.Debug|Mixed Platforms.ActiveCfg = Debug|Any CPU
		{12799C16-4EEA-41F7-89B0-C62BF6852410}.Debug|Mixed Platforms.Build.0 = Debug|Any CPU
		{12799C16-4EEA-41F7-89B0-C62BF6852410}.Debug|x86.ActiveCfg = Debug|Any CPU
		{12799C16-4EEA-41F7-89B0-C62BF6852410}.Release|Any CPU.ActiveCfg = Release|Any CPU
		{12799C16-4EEA-41F7-89B0-C62BF6852410}.Release|Any CPU.Build.0 = Release|Any CPU
		{12799C16-4EEA-41F7-89B0-C62BF6852410}.Release|Mixed Platforms.ActiveCfg = Release|Any CPU
		{12799C16-4EEA-41F7-89B0-C62BF6852410}.Release|Mixed Platforms.Build.0 = Release|Any CPU
		{12799C16-4EEA-41F7-89B0-C62BF6852410}.Release|x86.ActiveCfg = Release|Any CPU
		{D42945A3-D9DE-4D17-B63A-3B9DF09A537F}.Debug|Any CPU.ActiveCfg = Debug|x86
		{D42945A3-D9DE-4D17-B63A-3B9DF09A537F}.Debug|Mixed Platforms.ActiveCfg = Debug|x86
		{D42945A3-D9DE-4D17-B63A-3B9DF09A537F}.Debug|Mixed Platforms.Build.0 = Debug|x86
		{D42945A3-D9DE-4D17-B63A-3B9DF09A537F}.Debug|x86.ActiveCfg = Debug|x86
		{D42945A3-D9DE-4D17-B63A-3B9DF09A537F}.Debug|x86.Build.0 = Debug|x86
		{D42945A3-D9DE-4D17-B63A-3B9DF09A537F}.Release|Any CPU.ActiveCfg = Release|x86
		{D42945A3-D9DE-4D17-B63A-3B9DF09A537F}.Release|Mixed Platforms.ActiveCfg = Release|x86
		{D42945A3-D9DE-4D17-B63A-3B9DF09A537F}.Release|Mixed Platforms.Build.0 = Release|x86
		{D42945A3-D9DE-4D17-B63A-3B9DF09A537F}.Release|x86.ActiveCfg = Release|x86
		{D42945A3-D9DE-4D17-B63A-3B9DF09A537F}.Release|x86.Build.0 = Release|x86
		{69D07E76-6720-4159-BA71-9A62B02A7CA4}.Debug|Any CPU.ActiveCfg = Debug|Any CPU
		{69D07E76-6720-4159-BA71-9A62B02A7CA4}.Debug|Any CPU.Build.0 = Debug|Any CPU
		{69D07E76-6720-4159-BA71-9A62B02A7CA4}.Debug|Mixed Platforms.ActiveCfg = Debug|Any CPU
		{69D07E76-6720-4159-BA71-9A62B02A7CA4}.Debug|Mixed Platforms.Build.0 = Debug|Any CPU
		{69D07E76-6720-4159-BA71-9A62B02A7CA4}.Debug|x86.ActiveCfg = Debug|Any CPU
		{69D07E76-6720-4159-BA71-9A62B02A7CA4}.Release|Any CPU.ActiveCfg = Release|Any CPU
		{69D07E76-6720-4159-BA71-9A62B02A7CA4}.Release|Any CPU.Build.0 = Release|Any CPU
		{69D07E76-6720-4159-BA71-9A62B02A7CA4}.Release|Mixed Platforms.ActiveCfg = Release|Any CPU
		{69D07E76-6720-4159-BA71-9A62B02A7CA4}.Release|Mixed Platforms.Build.0 = Release|Any CPU
		{69D07E76-6720-4159-BA71-9A62B02A7CA4}.Release|x86.ActiveCfg = Release|Any CPU
		{0B8FE208-16FC-4B57-A1E8-F2D54C310B21}.Debug|Any CPU.ActiveCfg = Debug|Any CPU
		{0B8FE208-16FC-4B57-A1E8-F2D54C310B21}.Debug|Any CPU.Build.0 = Debug|Any CPU
		{0B8FE208-16FC-4B57-A1E8-F2D54C310B21}.Debug|Mixed Platforms.ActiveCfg = Debug|Any CPU
		{0B8FE208-16FC-4B57-A1E8-F2D54C310B21}.Debug|Mixed Platforms.Build.0 = Debug|Any CPU
		{0B8FE208-16FC-4B57-A1E8-F2D54C310B21}.Debug|x86.ActiveCfg = Debug|Any CPU
		{0B8FE208-16FC-4B57-A1E8-F2D54C310B21}.Release|Any CPU.ActiveCfg = Release|Any CPU
		{0B8FE208-16FC-4B57-A1E8-F2D54C310B21}.Release|Any CPU.Build.0 = Release|Any CPU
		{0B8FE208-16FC-4B57-A1E8-F2D54C310B21}.Release|Mixed Platforms.ActiveCfg = Release|Any CPU
		{0B8FE208-16FC-4B57-A1E8-F2D54C310B21}.Release|Mixed Platforms.Build.0 = Release|Any CPU
		{0B8FE208-16FC-4B57-A1E8-F2D54C310B21}.Release|x86.ActiveCfg = Release|Any CPU
		{4D013687-F096-41B2-8537-1F0585444C0A}.Debug|Any CPU.ActiveCfg = Debug|Any CPU
		{4D013687-F096-41B2-8537-1F0585444C0A}.Debug|Any CPU.Build.0 = Debug|Any CPU
		{4D013687-F096-41B2-8537-1F0585444C0A}.Debug|Mixed Platforms.ActiveCfg = Debug|Any CPU
		{4D013687-F096-41B2-8537-1F0585444C0A}.Debug|Mixed Platforms.Build.0 = Debug|Any CPU
		{4D013687-F096-41B2-8537-1F0585444C0A}.Debug|x86.ActiveCfg = Debug|Any CPU
		{4D013687-F096-41B2-8537-1F0585444C0A}.Release|Any CPU.ActiveCfg = Release|Any CPU
		{4D013687-F096-41B2-8537-1F0585444C0A}.Release|Any CPU.Build.0 = Release|Any CPU
		{4D013687-F096-41B2-8537-1F0585444C0A}.Release|Mixed Platforms.ActiveCfg = Release|Any CPU
		{4D013687-F096-41B2-8537-1F0585444C0A}.Release|Mixed Platforms.Build.0 = Release|Any CPU
		{4D013687-F096-41B2-8537-1F0585444C0A}.Release|x86.ActiveCfg = Release|Any CPU
	EndGlobalSection
	GlobalSection(SolutionProperties) = preSolution
		HideSolutionNode = FALSE
	EndGlobalSection
EndGlobal
